{
  "name": "potetos-for-everyone",
  "version": "0.1.0",
  "lockfileVersion": 3,
  "requires": true,
  "packages": {
    "": {
      "name": "potetos-for-everyone",
      "version": "0.1.0",
      "hasInstallScript": true,
      "license": "MIT",
      "bin": {
        "potetos": "npm/potetos.mjs",
        "potetos-for-everyone": "npm/potetos.mjs"
      },
      "engines": {
        "node": ">=18"
      }
    }
  }
}
